
Microsoft Visual Studio Solution File, Format Version 12.00
# Visual Studio Version 16
VisualStudioVersion = 16.0.30114.105
MinimumVisualStudioVersion = 10.0.40219.1
Project("{FAE04EC0-301F-11D3-BF4B-00C04F79EFBC}") = "Geo-preguntas", "Geo-preguntas\Geo-preguntas.csproj", "{1108D6BB-A1D6-4452-8809-B2B7D435FEA5}"
EndProject
Global
	GlobalSection(SolutionConfigurationPlatforms) = preSolution
		Debug|Any CPU = Debug|Any CPU
		Release|Any CPU = Release|Any CPU
	EndGlobalSection
	GlobalSection(ProjectConfigurationPlatforms) = postSolution
		{1108D6BB-A1D6-4452-8809-B2B7D435FEA5}.Debug|Any CPU.ActiveCfg = Debug|Any CPU
		{1108D6BB-A1D6-4452-8809-B2B7D435FEA5}.Debug|Any CPU.Build.0 = Debug|Any CPU
		{1108D6BB-A1D6-4452-8809-B2B7D435FEA5}.Release|Any CPU.ActiveCfg = Release|Any CPU
		{1108D6BB-A1D6-4452-8809-B2B7D435FEA5}.Release|Any CPU.Build.0 = Release|Any CPU
	EndGlobalSection
	GlobalSection(SolutionProperties) = preSolution
		HideSolutionNode = FALSE
	EndGlobalSection
	GlobalSection(ExtensibilityGlobals) = postSolution
		SolutionGuid = {DF8867DB-41BB-4984-BE38-5BBB21D916D4}
	EndGlobalSection
EndGlobal
